
Microsoft Visual Studio Solution File, Format Version 12.00
# Visual Studio Version 17
VisualStudioVersion = 17.0.31410.414
MinimumVisualStudioVersion = 10.0.40219.1
Project("{FAE04EC0-301F-11D3-BF4B-00C04F79EFBC}") = "Vs2022Demo", "Vs2022Demo\Vs2022Demo.csproj", "{26AFD289-C89E-43C3-B71B-A0E6BA115D49}"
EndProject
Project("{2150E333-8FDC-42A3-9474-1A3956D46DE8}") = "Solution Items", "Solution Items", "{D299B284-ECD4-4010-A76B-7AA729357AF6}"
	ProjectSection(SolutionItems) = preProject
		README.md = README.md
	EndProjectSection
EndProject
Global
	GlobalSection(SolutionConfigurationPlatforms) = preSolution
		Debug|Any CPU = Debug|Any CPU
		Release|Any CPU = Release|Any CPU
	EndGlobalSection
	GlobalSection(ProjectConfigurationPlatforms) = postSolution
		{26AFD289-C89E-43C3-B71B-A0E6BA115D49}.Debug|Any CPU.ActiveCfg = Debug|Any CPU
		{26AFD289-C89E-43C3-B71B-A0E6BA115D49}.Debug|Any CPU.Build.0 = Debug|Any CPU
		{26AFD289-C89E-43C3-B71B-A0E6BA115D49}.Release|Any CPU.ActiveCfg = Release|Any CPU
		{26AFD289-C89E-43C3-B71B-A0E6BA115D49}.Release|Any CPU.Build.0 = Release|Any CPU
	EndGlobalSection
	GlobalSection(SolutionProperties) = preSolution
		HideSolutionNode = FALSE
	EndGlobalSection
	GlobalSection(ExtensibilityGlobals) = postSolution
		SolutionGuid = {FD214FF5-D578-4185-9810-7119A2CF8012}
	EndGlobalSection
EndGlobal
